// !$*UTF8*$!
{
	archiveVersion = 1;
	classes = {
	};
	objectVersion = 56;
	objects = {

/* Begin PBXBuildFile section */
		F3ECBE262AA64B9C00E8541D /* Aula_3_SwiftApp.swift in Sources */ = {isa = PBXBuildFile; fileRef = F3ECBE252AA64B9C00E8541D /* Aula_3_SwiftApp.swift */; };
		F3ECBE282AA64B9C00E8541D /* ContentView.swift in Sources */ = {isa = PBXBuildFile; fileRef = F3ECBE272AA64B9C00E8541D /* ContentView.swift */; };
		F3ECBE2A2AA64B9D00E8541D /* Assets.xcassets in Resources */ = {isa = PBXBuildFile; fileRef = F3ECBE292AA64B9D00E8541D /* Assets.xcassets */; };
		F3ECBE2D2AA64B9D00E8541D /* Preview Assets.xcassets in Resources */ = {isa = PBXBuildFile; fileRef = F3ECBE2C2AA64B9D00E8541D /* Preview Assets.xcassets */; };
		F3ECBE3E2AA654EB00E8541D /* D1.swift in Sources */ = {isa = PBXBuildFile; fileRef = F3ECBE3D2AA654EB00E8541D /* D1.swift */; };
		F3ECBE402AA655B700E8541D /* D2.swift in Sources */ = {isa = PBXBuildFile; fileRef = F3ECBE3F2AA655B700E8541D /* D2.swift */; };
		F3ECBE422AA655D100E8541D /* D3.swift in Sources */ = {isa = PBXBuildFile; fileRef = F3ECBE412AA655D100E8541D /* D3.swift */; };
		F3ECBE442AA65F5E00E8541D /* D4.swift in Sources */ = {isa = PBXBuildFile; fileRef = F3ECBE432AA65F5E00E8541D /* D4.swift */; };
		F3ECBE462AA65F6800E8541D /* D5.swift in Sources */ = {isa = PBXBuildFile; fileRef = F3ECBE452AA65F6800E8541D /* D5.swift */; };
		F3ECBE4A2AA662CC00E8541D /* NavigationTStack.swift in Sources */ = {isa = PBXBuildFile; fileRef = F3ECBE492AA662CC00E8541D /* NavigationTStack.swift */; };
		F3ECBE4C2AA6632B00E8541D /* NavigationStackTela1.swift in Sources */ = {isa = PBXBuildFile; fileRef = F3ECBE4B2AA6632B00E8541D /* NavigationStackTela1.swift */; };
		F3ECBE4E2AA6685300E8541D /* NavigationStackTela2.swift in Sources */ = {isa = PBXBuildFile; fileRef = F3ECBE4D2AA6685300E8541D /* NavigationStackTela2.swift */; };
		F3ECBE502AA6685E00E8541D /* NavigationStackTela3.swift in Sources */ = {isa = PBXBuildFile; fileRef = F3ECBE4F2AA6685E00E8541D /* NavigationStackTela3.swift */; };
/* End PBXBuildFile section */

/* Begin PBXFileReference section */
		F3ECBE222AA64B9C00E8541D /* Aula-3-Swift.app */ = {isa = PBXFileReference; explicitFileType = wrapper.application; includeInIndex = 0; path = "Aula-3-Swift.app"; sourceTree = BUILT_PRODUCTS_DIR; };
		F3ECBE252AA64B9C00E8541D /* Aula_3_SwiftApp.swift */ = {isa = PBXFileReference; lastKnownFileType = sourcecode.swift; path = Aula_3_SwiftApp.swift; sourceTree = "<group>"; };
		F3ECBE272AA64B9C00E8541D /* ContentView.swift */ = {isa = PBXFileReference; lastKnownFileType = sourcecode.swift; path = ContentView.swift; sourceTree = "<group>"; };
		F3ECBE292AA64B9D00E8541D /* Assets.xcassets */ = {isa = PBXFileReference; lastKnownFileType = folder.assetcatalog; path = Assets.xcassets; sourceTree = "<group>"; };
		F3ECBE2C2AA64B9D00E8541D /* Preview Assets.xcassets */ = {isa = PBXFileReference; lastKnownFileType = folder.assetcatalog; path = "Preview Assets.xcassets"; sourceTree = "<group>"; };
		F3ECBE3D2AA654EB00E8541D /* D1.swift */ = {isa = PBXFileReference; lastKnownFileType = sourcecode.swift; path = D1.swift; sourceTree = "<group>"; };
		F3ECBE3F2AA655B700E8541D /* D2.swift */ = {isa = PBXFileReference; lastKnownFileType = sourcecode.swift; path = D2.swift; sourceTree = "<group>"; };
		F3ECBE412AA655D100E8541D /* D3.swift */ = {isa = PBXFileReference; lastKnownFileType = sourcecode.swift; path = D3.swift; sourceTree = "<group>"; usesTabs = 0; };
		F3ECBE432AA65F5E00E8541D /* D4.swift */ = {isa = PBXFileReference; lastKnownFileType = sourcecode.swift; path = D4.swift; sourceTree = "<group>"; };
		F3ECBE452AA65F6800E8541D /* D5.swift */ = {isa = PBXFileReference; lastKnownFileType = sourcecode.swift; path = D5.swift; sourceTree = "<group>"; };
		F3ECBE492AA662CC00E8541D /* NavigationTStack.swift */ = {isa = PBXFileReference; lastKnownFileType = sourcecode.swift; path = NavigationTStack.swift; sourceTree = "<group>"; };
		F3ECBE4B2AA6632B00E8541D /* NavigationStackTela1.swift */ = {isa = PBXFileReference; lastKnownFileType = sourcecode.swift; path = NavigationStackTela1.swift; sourceTree = "<group>"; };
		F3ECBE4D2AA6685300E8541D /* NavigationStackTela2.swift */ = {isa = PBXFileReference; lastKnownFileType = sourcecode.swift; path = NavigationStackTela2.swift; sourceTree = "<group>"; };
		F3ECBE4F2AA6685E00E8541D /* NavigationStackTela3.swift */ = {isa = PBXFileReference; lastKnownFileType = sourcecode.swift; path = NavigationStackTela3.swift; sourceTree = "<group>"; };
/* End PBXFileReference section */

/* Begin PBXFrameworksBuildPhase section */
		F3ECBE1F2AA64B9C00E8541D /* Frameworks */ = {
			isa = PBXFrameworksBuildPhase;
			buildActionMask = 2147483647;
			files = (
			);
			runOnlyForDeploymentPostprocessing = 0;
		};
/* End PBXFrameworksBuildPhase section */

/* Begin PBXGroup section */
		F3ECBE192AA64B9C00E8541D = {
			isa = PBXGroup;
			children = (
				F3ECBE242AA64B9C00E8541D /* Aula-3-Swift */,
				F3ECBE232AA64B9C00E8541D /* Products */,
			);
			sourceTree = "<group>";
		};
		F3ECBE232AA64B9C00E8541D /* Products */ = {
			isa = PBXGroup;
			children = (
				F3ECBE222AA64B9C00E8541D /* Aula-3-Swift.app */,
			);
			name = Products;
			sourceTree = "<group>";
		};
		F3ECBE242AA64B9C00E8541D /* Aula-3-Swift */ = {
			isa = PBXGroup;
			children = (
				F3ECBE252AA64B9C00E8541D /* Aula_3_SwiftApp.swift */,
				F3ECBE272AA64B9C00E8541D /* ContentView.swift */,
				F3ECBE432AA65F5E00E8541D /* D4.swift */,
				F3ECBE452AA65F6800E8541D /* D5.swift */,
				F3ECBE412AA655D100E8541D /* D3.swift */,
				F3ECBE3F2AA655B700E8541D /* D2.swift */,
				F3ECBE3D2AA654EB00E8541D /* D1.swift */,
				F3ECBE492AA662CC00E8541D /* NavigationTStack.swift */,
				F3ECBE4B2AA6632B00E8541D /* NavigationStackTela1.swift */,
				F3ECBE4D2AA6685300E8541D /* NavigationStackTela2.swift */,
				F3ECBE4F2AA6685E00E8541D /* NavigationStackTela3.swift */,
				F3ECBE292AA64B9D00E8541D /* Assets.xcassets */,
				F3ECBE2B2AA64B9D00E8541D /* Preview Content */,
			);
			path = "Aula-3-Swift";
			sourceTree = "<group>";
		};
		F3ECBE2B2AA64B9D00E8541D /* Preview Content */ = {
			isa = PBXGroup;
			children = (
				F3ECBE2C2AA64B9D00E8541D /* Preview Assets.xcassets */,
			);
			path = "Preview Content";
			sourceTree = "<group>";
		};
/* End PBXGroup section */

/* Begin PBXNativeTarget section */
		F3ECBE212AA64B9C00E8541D /* Aula-3-Swift */ = {
			isa = PBXNativeTarget;
			buildConfigurationList = F3ECBE302AA64B9D00E8541D /* Build configuration list for PBXNativeTarget "Aula-3-Swift" */;
			buildPhases = (
				F3ECBE1E2AA64B9C00E8541D /* Sources */,
				F3ECBE1F2AA64B9C00E8541D /* Frameworks */,
				F3ECBE202AA64B9C00E8541D /* Resources */,
			);
			buildRules = (
			);
			dependencies = (
			);
			name = "Aula-3-Swift";
			productName = "Aula-3-Swift";
			productReference = F3ECBE222AA64B9C00E8541D /* Aula-3-Swift.app */;
			productType = "com.apple.product-type.application";
		};
/* End PBXNativeTarget section */

/* Begin PBXProject section */
		F3ECBE1A2AA64B9C00E8541D /* Project object */ = {
			isa = PBXProject;
			attributes = {
				BuildIndependentTargetsInParallel = 1;
				LastSwiftUpdateCheck = 1420;
				LastUpgradeCheck = 1420;
				TargetAttributes = {
					F3ECBE212AA64B9C00E8541D = {
						CreatedOnToolsVersion = 14.2;
					};
				};
			};
			buildConfigurationList = F3ECBE1D2AA64B9C00E8541D /* Build configuration list for PBXProject "Aula-3-Swift" */;
			compatibilityVersion = "Xcode 14.0";
			developmentRegion = en;
			hasScannedForEncodings = 0;
			knownRegions = (
				en,
				Base,
			);
			mainGroup = F3ECBE192AA64B9C00E8541D;
			productRefGroup = F3ECBE232AA64B9C00E8541D /* Products */;
			projectDirPath = "";
			projectRoot = "";
			targets = (
				F3ECBE212AA64B9C00E8541D /* Aula-3-Swift */,
			);
		};
/* End PBXProject section */

/* Begin PBXResourcesBuildPhase section */
		F3ECBE202AA64B9C00E8541D /* Resources */ = {
			isa = PBXResourcesBuildPhase;
			buildActionMask = 2147483647;
			files = (
				F3ECBE2D2AA64B9D00E8541D /* Preview Assets.xcassets in Resources */,
				F3ECBE2A2AA64B9D00E8541D /* Assets.xcassets in Resources */,
			);
			runOnlyForDeploymentPostprocessing = 0;
		};
/* End PBXResourcesBuildPhase section */

/* Begin PBXSourcesBuildPhase section */
		F3ECBE1E2AA64B9C00E8541D /* Sources */ = {
			isa = PBXSourcesBuildPhase;
			buildActionMask = 2147483647;
			files = (
				F3ECBE282AA64B9C00E8541D /* ContentView.swift in Sources */,
				F3ECBE462AA65F6800E8541D /* D5.swift in Sources */,
				F3ECBE402AA655B700E8541D /* D2.swift in Sources */,
				F3ECBE4E2AA6685300E8541D /* NavigationStackTela2.swift in Sources */,
				F3ECBE262AA64B9C00E8541D /* Aula_3_SwiftApp.swift in Sources */,
				F3ECBE4C2AA6632B00E8541D /* NavigationStackTela1.swift in Sources */,
				F3ECBE4A2AA662CC00E8541D /* NavigationTStack.swift in Sources */,
				F3ECBE422AA655D100E8541D /* D3.swift in Sources */,
				F3ECBE502AA6685E00E8541D /* NavigationStackTela3.swift in Sources */,
				F3ECBE3E2AA654EB00E8541D /* D1.swift in Sources */,
				F3ECBE442AA65F5E00E8541D /* D4.swift in Sources */,
			);
			runOnlyForDeploymentPostprocessing = 0;
		};
/* End PBXSourcesBuildPhase section */

/* Begin XCBuildConfiguration section */
		F3ECBE2E2AA64B9D00E8541D /* Debug */ = {
			isa = XCBuildConfiguration;
			buildSettings = {
				ALWAYS_SEARCH_USER_PATHS = NO;
				CLANG_ANALYZER_NONNULL = YES;
				CLANG_ANALYZER_NUMBER_OBJECT_CONVERSION = YES_AGGRESSIVE;
				CLANG_CXX_LANGUAGE_STANDARD = "gnu++20";
				CLANG_ENABLE_MODULES = YES;
				CLANG_ENABLE_OBJC_ARC = YES;
				CLANG_ENABLE_OBJC_WEAK = YES;
				CLANG_WARN_BLOCK_CAPTURE_AUTORELEASING = YES;
				CLANG_WARN_BOOL_CONVERSION = YES;
				CLANG_WARN_COMMA = YES;
				CLANG_WARN_CONSTANT_CONVERSION = YES;
				CLANG_WARN_DEPRECATED_OBJC_IMPLEMENTATIONS = YES;
				CLANG_WARN_DIRECT_OBJC_ISA_USAGE = YES_ERROR;
				CLANG_WARN_DOCUMENTATION_COMMENTS = YES;
				CLANG_WARN_EMPTY_BODY = YES;
				CLANG_WARN_ENUM_CONVERSION = YES;
				CLANG_WARN_INFINITE_RECURSION = YES;
				CLANG_WARN_INT_CONVERSION = YES;
				CLANG_WARN_NON_LITERAL_NULL_CONVERSION = YES;
				CLANG_WARN_OBJC_IMPLICIT_RETAIN_SELF = YES;
				CLANG_WARN_OBJC_LITERAL_CONVERSION = YES;
				CLANG_WARN_OBJC_ROOT_CLASS = YES_ERROR;
				CLANG_WARN_QUOTED_INCLUDE_IN_FRAMEWORK_HEADER = YES;
				CLANG_WARN_RANGE_LOOP_ANALYSIS = YES;
				CLANG_WARN_STRICT_PROTOTYPES = YES;
				CLANG_WARN_SUSPICIOUS_MOVE = YES;
				CLANG_WARN_UNGUARDED_AVAILABILITY = YES_AGGRESSIVE;
				CLANG_WARN_UNREACHABLE_CODE = YES;
				CLANG_WARN__DUPLICATE_METHOD_MATCH = YES;
				COPY_PHASE_STRIP = NO;
				DEBUG_INFORMATION_FORMAT = dwarf;
				ENABLE_STRICT_OBJC_MSGSEND = YES;
				ENABLE_TESTABILITY = YES;
				GCC_C_LANGUAGE_STANDARD = gnu11;
				GCC_DYNAMIC_NO_PIC = NO;
				GCC_NO_COMMON_BLOCKS = YES;
				GCC_OPTIMIZATION_LEVEL = 0;
				GCC_PREPROCESSOR_DEFINITIONS = (
					"DEBUG=1",
					"$(inherited)",
				);
				GCC_WARN_64_TO_32_BIT_CONVERSION = YES;
				GCC_WARN_ABOUT_RETURN_TYPE = YES_ERROR;
				GCC_WARN_UNDECLARED_SELECTOR = YES;
				GCC_WARN_UNINITIALIZED_AUTOS = YES_AGGRESSIVE;
				GCC_WARN_UNUSED_FUNCTION = YES;
				GCC_WARN_UNUSED_VARIABLE = YES;
				IPHONEOS_DEPLOYMENT_TARGET = 16.2;
				MTL_ENABLE_DEBUG_INFO = INCLUDE_SOURCE;
				MTL_FAST_MATH = YES;
				ONLY_ACTIVE_ARCH = YES;
				SDKROOT = iphoneos;
				SWIFT_ACTIVE_COMPILATION_CONDITIONS = DEBUG;
				SWIFT_OPTIMIZATION_LEVEL = "-Onone";
			};
			name = Debug;
		};
		F3ECBE2F2AA64B9D00E8541D /* Release */ = {
			isa = XCBuildConfiguration;
			buildSettings = {
				ALWAYS_SEARCH_USER_PATHS = NO;
				CLANG_ANALYZER_NONNULL = YES;
				CLANG_ANALYZER_NUMBER_OBJECT_CONVERSION = YES_AGGRESSIVE;
				CLANG_CXX_LANGUAGE_STANDARD = "gnu++20";
				CLANG_ENABLE_MODULES = YES;
				CLANG_ENABLE_OBJC_ARC = YES;
				CLANG_ENABLE_OBJC_WEAK = YES;
				CLANG_WARN_BLOCK_CAPTURE_AUTORELEASING = YES;
				CLANG_WARN_BOOL_CONVERSION = YES;
				CLANG_WARN_COMMA = YES;
				CLANG_WARN_CONSTANT_CONVERSION = YES;
				CLANG_WARN_DEPRECATED_OBJC_IMPLEMENTATIONS = YES;
				CLANG_WARN_DIRECT_OBJC_ISA_USAGE = YES_ERROR;
				CLANG_WARN_DOCUMENTATION_COMMENTS = YES;
				CLANG_WARN_EMPTY_BODY = YES;
				CLANG_WARN_ENUM_CONVERSION = YES;
				CLANG_WARN_INFINITE_RECURSION = YES;
				CLANG_WARN_INT_CONVERSION = YES;
				CLANG_WARN_NON_LITERAL_NULL_CONVERSION = YES;
				CLANG_WARN_OBJC_IMPLICIT_RETAIN_SELF = YES;
				CLANG_WARN_OBJC_LITERAL_CONVERSION = YES;
				CLANG_WARN_OBJC_ROOT_CLASS = YES_ERROR;
				CLANG_WARN_QUOTED_INCLUDE_IN_FRAMEWORK_HEADER = YES;
				CLANG_WARN_RANGE_LOOP_ANALYSIS = YES;
				CLANG_WARN_STRICT_PROTOTYPES = YES;
				CLANG_WARN_SUSPICIOUS_MOVE = YES;
				CLANG_WARN_UNGUARDED_AVAILABILITY = YES_AGGRESSIVE;
				CLANG_WARN_UNREACHABLE_CODE = YES;
				CLANG_WARN__DUPLICATE_METHOD_MATCH = YES;
				COPY_PHASE_STRIP = NO;
				DEBUG_INFORMATION_FORMAT = "dwarf-with-dsym";
				ENABLE_NS_ASSERTIONS = NO;
				ENABLE_STRICT_OBJC_MSGSEND = YES;
				GCC_C_LANGUAGE_STANDARD = gnu11;
				GCC_NO_COMMON_BLOCKS = YES;
				GCC_WARN_64_TO_32_BIT_CONVERSION = YES;
				GCC_WARN_ABOUT_RETURN_TYPE = YES_ERROR;
				GCC_WARN_UNDECLARED_SELECTOR = YES;
				GCC_WARN_UNINITIALIZED_AUTOS = YES_AGGRESSIVE;
				GCC_WARN_UNUSED_FUNCTION = YES;
				GCC_WARN_UNUSED_VARIABLE = YES;
				IPHONEOS_DEPLOYMENT_TARGET = 16.2;
				MTL_ENABLE_DEBUG_INFO = NO;
				MTL_FAST_MATH = YES;
				SDKROOT = iphoneos;
				SWIFT_COMPILATION_MODE = wholemodule;
				SWIFT_OPTIMIZATION_LEVEL = "-O";
				VALIDATE_PRODUCT = YES;
			};
			name = Release;
		};
		F3ECBE312AA64B9D00E8541D /* Debug */ = {
			isa = XCBuildConfiguration;
			buildSettings = {
				ASSETCATALOG_COMPILER_APPICON_NAME = AppIcon;
				ASSETCATALOG_COMPILER_GLOBAL_ACCENT_COLOR_NAME = AccentColor;
				CODE_SIGN_STYLE = Automatic;
				CURRENT_PROJECT_VERSION = 1;
				DEVELOPMENT_ASSET_PATHS = "\"Aula-3-Swift/Preview Content\"";
				ENABLE_PREVIEWS = YES;
				GENERATE_INFOPLIST_FILE = YES;
				INFOPLIST_KEY_UIApplicationSceneManifest_Generation = YES;
				INFOPLIST_KEY_UIApplicationSupportsIndirectInputEvents = YES;
				INFOPLIST_KEY_UILaunchScreen_Generation = YES;
				INFOPLIST_KEY_UISupportedInterfaceOrientations_iPad = "UIInterfaceOrientationPortrait UIInterfaceOrientationPortraitUpsideDown UIInterfaceOrientationLandscapeLeft UIInterfaceOrientationLandscapeRight";
				INFOPLIST_KEY_UISupportedInterfaceOrientations_iPhone = "UIInterfaceOrientationPortrait UIInterfaceOrientationLandscapeLeft UIInterfaceOrientationLandscapeRight";
				LD_RUNPATH_SEARCH_PATHS = (
					"$(inherited)",
					"@executable_path/Frameworks",
				);
				MARKETING_VERSION = 1.0;
				PRODUCT_BUNDLE_IDENTIFIER = "com.aula3.app.Aula-3-Swift";
				PRODUCT_NAME = "$(TARGET_NAME)";
				SWIFT_EMIT_LOC_STRINGS = YES;
				SWIFT_VERSION = 5.0;
				TARGETED_DEVICE_FAMILY = "1,2";
			};
			name = Debug;
		};
		F3ECBE322AA64B9D00E8541D /* Release */ = {
			isa = XCBuildConfiguration;
			buildSettings = {
				ASSETCATALOG_COMPILER_APPICON_NAME = AppIcon;
				ASSETCATALOG_COMPILER_GLOBAL_ACCENT_COLOR_NAME = AccentColor;
				CODE_SIGN_STYLE = Automatic;
				CURRENT_PROJECT_VERSION = 1;
				DEVELOPMENT_ASSET_PATHS = "\"Aula-3-Swift/Preview Content\"";
				ENABLE_PREVIEWS = YES;
				GENERATE_INFOPLIST_FILE = YES;
				INFOPLIST_KEY_UIApplicationSceneManifest_Generation = YES;
				INFOPLIST_KEY_UIApplicationSupportsIndirectInputEvents = YES;
				INFOPLIST_KEY_UILaunchScreen_Generation = YES;
				INFOPLIST_KEY_UISupportedInterfaceOrientations_iPad = "UIInterfaceOrientationPortrait UIInterfaceOrientationPortraitUpsideDown UIInterfaceOrientationLandscapeLeft UIInterfaceOrientationLandscapeRight";
				INFOPLIST_KEY_UISupportedInterfaceOrientations_iPhone = "UIInterfaceOrientationPortrait UIInterfaceOrientationLandscapeLeft UIInterfaceOrientationLandscapeRight";
				LD_RUNPATH_SEARCH_PATHS = (
					"$(inherited)",
					"@executable_path/Frameworks",
				);
				MARKETING_VERSION = 1.0;
				PRODUCT_BUNDLE_IDENTIFIER = "com.aula3.app.Aula-3-Swift";
				PRODUCT_NAME = "$(TARGET_NAME)";
				SWIFT_EMIT_LOC_STRINGS = YES;
				SWIFT_VERSION = 5.0;
				TARGETED_DEVICE_FAMILY = "1,2";
			};
			name = Release;
		};
/* End XCBuildConfiguration section */

/* Begin XCConfigurationList section */
		F3ECBE1D2AA64B9C00E8541D /* Build configuration list for PBXProject "Aula-3-Swift" */ = {
			isa = XCConfigurationList;
			buildConfigurations = (
				F3ECBE2E2AA64B9D00E8541D /* Debug */,
				F3ECBE2F2AA64B9D00E8541D /* Release */,
			);
			defaultConfigurationIsVisible = 0;
			defaultConfigurationName = Release;
		};
		F3ECBE302AA64B9D00E8541D /* Build configuration list for PBXNativeTarget "Aula-3-Swift" */ = {
			isa = XCConfigurationList;
			buildConfigurations = (
				F3ECBE312AA64B9D00E8541D /* Debug */,
				F3ECBE322AA64B9D00E8541D /* Release */,
			);
			defaultConfigurationIsVisible = 0;
			defaultConfigurationName = Release;
		};
/* End XCConfigurationList section */
	};
	rootObject = F3ECBE1A2AA64B9C00E8541D /* Project object */;
}
